// !$*UTF8*$!
{
	archiveVersion = 1;
	classes = {
	};
	objectVersion = 56;
	objects = {

/* Begin PBXBuildFile section */
		DBDEB6ED2CF1894900FD1826 /* AppDelegate.swift in Sources */ = {isa = PBXBuildFile; fileRef = DBDEB6EC2CF1894900FD1826 /* AppDelegate.swift */; };
		DBDEB6EF2CF1894900FD1826 /* SceneDelegate.swift in Sources */ = {isa = PBXBuildFile; fileRef = DBDEB6EE2CF1894900FD1826 /* SceneDelegate.swift */; };
		DBDEB6F12CF1894900FD1826 /* ViewController.swift in Sources */ = {isa = PBXBuildFile; fileRef = DBDEB6F02CF1894900FD1826 /* ViewController.swift */; };
		DBDEB6F42CF1894900FD1826 /* Base in Resources */ = {isa = PBXBuildFile; fileRef = DBDEB6F32CF1894900FD1826 /* Base */; };
		DBDEB6F62CF1894A00FD1826 /* Assets.xcassets in Resources */ = {isa = PBXBuildFile; fileRef = DBDEB6F52CF1894A00FD1826 /* Assets.xcassets */; };
		DBDEB6F92CF1894A00FD1826 /* Base in Resources */ = {isa = PBXBuildFile; fileRef = DBDEB6F82CF1894A00FD1826 /* Base */; };
		DBDEB7042CF1894B00FD1826 /* _210991246_Test2Tests.swift in Sources */ = {isa = PBXBuildFile; fileRef = DBDEB7032CF1894B00FD1826 /* _210991246_Test2Tests.swift */; };
		DBDEB70E2CF1894B00FD1826 /* _210991246_Test2UITests.swift in Sources */ = {isa = PBXBuildFile; fileRef = DBDEB70D2CF1894B00FD1826 /* _210991246_Test2UITests.swift */; };
		DBDEB7102CF1894B00FD1826 /* _210991246_Test2UITestsLaunchTests.swift in Sources */ = {isa = PBXBuildFile; fileRef = DBDEB70F2CF1894B00FD1826 /* _210991246_Test2UITestsLaunchTests.swift */; };
		DBDEB71F2CF18A6C00FD1826 /* MealData.swift in Sources */ = {isa = PBXBuildFile; fileRef = DBDEB71E2CF18A6C00FD1826 /* MealData.swift */; };
		DBDEB7212CF18EC000FD1826 /* mealTrackerTableViewController.swift in Sources */ = {isa = PBXBuildFile; fileRef = DBDEB7202CF18EC000FD1826 /* mealTrackerTableViewController.swift */; };
		DBDEB7232CF18EE900FD1826 /* addMealTrackerTableViewController.swift in Sources */ = {isa = PBXBuildFile; fileRef = DBDEB7222CF18EE900FD1826 /* addMealTrackerTableViewController.swift */; };
		DBDEB7252CF19AC500FD1826 /* displayMealTableViewCell.swift in Sources */ = {isa = PBXBuildFile; fileRef = DBDEB7242CF19AC500FD1826 /* displayMealTableViewCell.swift */; };
/* End PBXBuildFile section */

/* Begin PBXContainerItemProxy section */
		DBDEB7002CF1894B00FD1826 /* PBXContainerItemProxy */ = {
			isa = PBXContainerItemProxy;
			containerPortal = DBDEB6E12CF1894900FD1826 /* Project object */;
			proxyType = 1;
			remoteGlobalIDString = DBDEB6E82CF1894900FD1826;
			remoteInfo = 2210991246_Test2;
		};
		DBDEB70A2CF1894B00FD1826 /* PBXContainerItemProxy */ = {
			isa = PBXContainerItemProxy;
			containerPortal = DBDEB6E12CF1894900FD1826 /* Project object */;
			proxyType = 1;
			remoteGlobalIDString = DBDEB6E82CF1894900FD1826;
			remoteInfo = 2210991246_Test2;
		};
/* End PBXContainerItemProxy section */

/* Begin PBXFileReference section */
		DBDEB6E92CF1894900FD1826 /* 2210991246_Test2.app */ = {isa = PBXFileReference; explicitFileType = wrapper.application; includeInIndex = 0; path = 2210991246_Test2.app; sourceTree = BUILT_PRODUCTS_DIR; };
		DBDEB6EC2CF1894900FD1826 /* AppDelegate.swift */ = {isa = PBXFileReference; lastKnownFileType = sourcecode.swift; path = AppDelegate.swift; sourceTree = "<group>"; };
		DBDEB6EE2CF1894900FD1826 /* SceneDelegate.swift */ = {isa = PBXFileReference; lastKnownFileType = sourcecode.swift; path = SceneDelegate.swift; sourceTree = "<group>"; };
		DBDEB6F02CF1894900FD1826 /* ViewController.swift */ = {isa = PBXFileReference; lastKnownFileType = sourcecode.swift; path = ViewController.swift; sourceTree = "<group>"; };
		DBDEB6F32CF1894900FD1826 /* Base */ = {isa = PBXFileReference; lastKnownFileType = file.storyboard; name = Base; path = Base.lproj/Main.storyboard; sourceTree = "<group>"; };
		DBDEB6F52CF1894A00FD1826 /* Assets.xcassets */ = {isa = PBXFileReference; lastKnownFileType = folder.assetcatalog; path = Assets.xcassets; sourceTree = "<group>"; };
		DBDEB6F82CF1894A00FD1826 /* Base */ = {isa = PBXFileReference; lastKnownFileType = file.storyboard; name = Base; path = Base.lproj/LaunchScreen.storyboard; sourceTree = "<group>"; };
		DBDEB6FA2CF1894A00FD1826 /* Info.plist */ = {isa = PBXFileReference; lastKnownFileType = text.plist.xml; path = Info.plist; sourceTree = "<group>"; };
		DBDEB6FF2CF1894B00FD1826 /* 2210991246_Test2Tests.xctest */ = {isa = PBXFileReference; explicitFileType = wrapper.cfbundle; includeInIndex = 0; path = 2210991246_Test2Tests.xctest; sourceTree = BUILT_PRODUCTS_DIR; };
		DBDEB7032CF1894B00FD1826 /* _210991246_Test2Tests.swift */ = {isa = PBXFileReference; lastKnownFileType = sourcecode.swift; path = _210991246_Test2Tests.swift; sourceTree = "<group>"; };
		DBDEB7092CF1894B00FD1826 /* 2210991246_Test2UITests.xctest */ = {isa = PBXFileReference; explicitFileType = wrapper.cfbundle; includeInIndex = 0; path = 2210991246_Test2UITests.xctest; sourceTree = BUILT_PRODUCTS_DIR; };
		DBDEB70D2CF1894B00FD1826 /* _210991246_Test2UITests.swift */ = {isa = PBXFileReference; lastKnownFileType = sourcecode.swift; path = _210991246_Test2UITests.swift; sourceTree = "<group>"; };
		DBDEB70F2CF1894B00FD1826 /* _210991246_Test2UITestsLaunchTests.swift */ = {isa = PBXFileReference; lastKnownFileType = sourcecode.swift; path = _210991246_Test2UITestsLaunchTests.swift; sourceTree = "<group>"; };
		DBDEB71E2CF18A6C00FD1826 /* MealData.swift */ = {isa = PBXFileReference; lastKnownFileType = sourcecode.swift; path = MealData.swift; sourceTree = "<group>"; };
		DBDEB7202CF18EC000FD1826 /* mealTrackerTableViewController.swift */ = {isa = PBXFileReference; lastKnownFileType = sourcecode.swift; path = mealTrackerTableViewController.swift; sourceTree = "<group>"; };
		DBDEB7222CF18EE900FD1826 /* addMealTrackerTableViewController.swift */ = {isa = PBXFileReference; lastKnownFileType = sourcecode.swift; path = addMealTrackerTableViewController.swift; sourceTree = "<group>"; };
		DBDEB7242CF19AC500FD1826 /* displayMealTableViewCell.swift */ = {isa = PBXFileReference; lastKnownFileType = sourcecode.swift; path = displayMealTableViewCell.swift; sourceTree = "<group>"; };
/* End PBXFileReference section */

/* Begin PBXFrameworksBuildPhase section */
		DBDEB6E62CF1894900FD1826 /* Frameworks */ = {
			isa = PBXFrameworksBuildPhase;
			buildActionMask = 2147483647;
			files = (
			);
			runOnlyForDeploymentPostprocessing = 0;
		};
		DBDEB6FC2CF1894B00FD1826 /* Frameworks */ = {
			isa = PBXFrameworksBuildPhase;
			buildActionMask = 2147483647;
			files = (
			);
			runOnlyForDeploymentPostprocessing = 0;
		};
		DBDEB7062CF1894B00FD1826 /* Frameworks */ = {
			isa = PBXFrameworksBuildPhase;
			buildActionMask = 2147483647;
			files = (
			);
			runOnlyForDeploymentPostprocessing = 0;
		};
/* End PBXFrameworksBuildPhase section */

/* Begin PBXGroup section */
		DBDEB6E02CF1894900FD1826 = {
			isa = PBXGroup;
			children = (
				DBDEB6EB2CF1894900FD1826 /* 2210991246_Test2 */,
				DBDEB7022CF1894B00FD1826 /* 2210991246_Test2Tests */,
				DBDEB70C2CF1894B00FD1826 /* 2210991246_Test2UITests */,
				DBDEB6EA2CF1894900FD1826 /* Products */,
			);
			sourceTree = "<group>";
		};
		DBDEB6EA2CF1894900FD1826 /* Products */ = {
			isa = PBXGroup;
			children = (
				DBDEB6E92CF1894900FD1826 /* 2210991246_Test2.app */,
				DBDEB6FF2CF1894B00FD1826 /* 2210991246_Test2Tests.xctest */,
				DBDEB7092CF1894B00FD1826 /* 2210991246_Test2UITests.xctest */,
			);
			name = Products;
			sourceTree = "<group>";
		};
		DBDEB6EB2CF1894900FD1826 /* 2210991246_Test2 */ = {
			isa = PBXGroup;
			children = (
				DBDEB6EC2CF1894900FD1826 /* AppDelegate.swift */,
				DBDEB6EE2CF1894900FD1826 /* SceneDelegate.swift */,
				DBDEB6F02CF1894900FD1826 /* ViewController.swift */,
				DBDEB71E2CF18A6C00FD1826 /* MealData.swift */,
				DBDEB7202CF18EC000FD1826 /* mealTrackerTableViewController.swift */,
				DBDEB7222CF18EE900FD1826 /* addMealTrackerTableViewController.swift */,
				DBDEB7242CF19AC500FD1826 /* displayMealTableViewCell.swift */,
				DBDEB6F22CF1894900FD1826 /* Main.storyboard */,
				DBDEB6F52CF1894A00FD1826 /* Assets.xcassets */,
				DBDEB6F72CF1894A00FD1826 /* LaunchScreen.storyboard */,
				DBDEB6FA2CF1894A00FD1826 /* Info.plist */,
			);
			path = 2210991246_Test2;
			sourceTree = "<group>";
		};
		DBDEB7022CF1894B00FD1826 /* 2210991246_Test2Tests */ = {
			isa = PBXGroup;
			children = (
				DBDEB7032CF1894B00FD1826 /* _210991246_Test2Tests.swift */,
			);
			path = 2210991246_Test2Tests;
			sourceTree = "<group>";
		};
		DBDEB70C2CF1894B00FD1826 /* 2210991246_Test2UITests */ = {
			isa = PBXGroup;
			children = (
				DBDEB70D2CF1894B00FD1826 /* _210991246_Test2UITests.swift */,
				DBDEB70F2CF1894B00FD1826 /* _210991246_Test2UITestsLaunchTests.swift */,
			);
			path = 2210991246_Test2UITests;
			sourceTree = "<group>";
		};
/* End PBXGroup section */

/* Begin PBXNativeTarget section */
		DBDEB6E82CF1894900FD1826 /* 2210991246_Test2 */ = {
			isa = PBXNativeTarget;
			buildConfigurationList = DBDEB7132CF1894B00FD1826 /* Build configuration list for PBXNativeTarget "2210991246_Test2" */;
			buildPhases = (
				DBDEB6E52CF1894900FD1826 /* Sources */,
				DBDEB6E62CF1894900FD1826 /* Frameworks */,
				DBDEB6E72CF1894900FD1826 /* Resources */,
			);
			buildRules = (
			);
			dependencies = (
			);
			name = 2210991246_Test2;
			productName = 2210991246_Test2;
			productReference = DBDEB6E92CF1894900FD1826 /* 2210991246_Test2.app */;
			productType = "com.apple.product-type.application";
		};
		DBDEB6FE2CF1894B00FD1826 /* 2210991246_Test2Tests */ = {
			isa = PBXNativeTarget;
			buildConfigurationList = DBDEB7162CF1894B00FD1826 /* Build configuration list for PBXNativeTarget "2210991246_Test2Tests" */;
			buildPhases = (
				DBDEB6FB2CF1894B00FD1826 /* Sources */,
				DBDEB6FC2CF1894B00FD1826 /* Frameworks */,
				DBDEB6FD2CF1894B00FD1826 /* Resources */,
			);
			buildRules = (
			);
			dependencies = (
				DBDEB7012CF1894B00FD1826 /* PBXTargetDependency */,
			);
			name = 2210991246_Test2Tests;
			productName = 2210991246_Test2Tests;
			productReference = DBDEB6FF2CF1894B00FD1826 /* 2210991246_Test2Tests.xctest */;
			productType = "com.apple.product-type.bundle.unit-test";
		};
		DBDEB7082CF1894B00FD1826 /* 2210991246_Test2UITests */ = {
			isa = PBXNativeTarget;
			buildConfigurationList = DBDEB7192CF1894B00FD1826 /* Build configuration list for PBXNativeTarget "2210991246_Test2UITests" */;
			buildPhases = (
				DBDEB7052CF1894B00FD1826 /* Sources */,
				DBDEB7062CF1894B00FD1826 /* Frameworks */,
				DBDEB7072CF1894B00FD1826 /* Resources */,
			);
			buildRules = (
			);
			dependencies = (
				DBDEB70B2CF1894B00FD1826 /* PBXTargetDependency */,
			);
			name = 2210991246_Test2UITests;
			productName = 2210991246_Test2UITests;
			productReference = DBDEB7092CF1894B00FD1826 /* 2210991246_Test2UITests.xctest */;
			productType = "com.apple.product-type.bundle.ui-testing";
		};
/* End PBXNativeTarget section */

/* Begin PBXProject section */
		DBDEB6E12CF1894900FD1826 /* Project object */ = {
			isa = PBXProject;
			attributes = {
				BuildIndependentTargetsInParallel = 1;
				LastSwiftUpdateCheck = 1540;
				LastUpgradeCheck = 1540;
				TargetAttributes = {
					DBDEB6E82CF1894900FD1826 = {
						CreatedOnToolsVersion = 15.4;
					};
					DBDEB6FE2CF1894B00FD1826 = {
						CreatedOnToolsVersion = 15.4;
						TestTargetID = DBDEB6E82CF1894900FD1826;
					};
					DBDEB7082CF1894B00FD1826 = {
						CreatedOnToolsVersion = 15.4;
						TestTargetID = DBDEB6E82CF1894900FD1826;
					};
				};
			};
			buildConfigurationList = DBDEB6E42CF1894900FD1826 /* Build configuration list for PBXProject "2210991246_Test2" */;
			compatibilityVersion = "Xcode 14.0";
			developmentRegion = en;
			hasScannedForEncodings = 0;
			knownRegions = (
				en,
				Base,
			);
			mainGroup = DBDEB6E02CF1894900FD1826;
			productRefGroup = DBDEB6EA2CF1894900FD1826 /* Products */;
			projectDirPath = "";
			projectRoot = "";
			targets = (
				DBDEB6E82CF1894900FD1826 /* 2210991246_Test2 */,
				DBDEB6FE2CF1894B00FD1826 /* 2210991246_Test2Tests */,
				DBDEB7082CF1894B00FD1826 /* 2210991246_Test2UITests */,
			);
		};
/* End PBXProject section */

/* Begin PBXResourcesBuildPhase section */
		DBDEB6E72CF1894900FD1826 /* Resources */ = {
			isa = PBXResourcesBuildPhase;
			buildActionMask = 2147483647;
			files = (
				DBDEB6F62CF1894A00FD1826 /* Assets.xcassets in Resources */,
				DBDEB6F92CF1894A00FD1826 /* Base in Resources */,
				DBDEB6F42CF1894900FD1826 /* Base in Resources */,
			);
			runOnlyForDeploymentPostprocessing = 0;
		};
		DBDEB6FD2CF1894B00FD1826 /* Resources */ = {
			isa = PBXResourcesBuildPhase;
			buildActionMask = 2147483647;
			files = (
			);
			runOnlyForDeploymentPostprocessing = 0;
		};
		DBDEB7072CF1894B00FD1826 /* Resources */ = {
			isa = PBXResourcesBuildPhase;
			buildActionMask = 2147483647;
			files = (
			);
			runOnlyForDeploymentPostprocessing = 0;
		};
/* End PBXResourcesBuildPhase section */

/* Begin PBXSourcesBuildPhase section */
		DBDEB6E52CF1894900FD1826 /* Sources */ = {
			isa = PBXSourcesBuildPhase;
			buildActionMask = 2147483647;
			files = (
				DBDEB7252CF19AC500FD1826 /* displayMealTableViewCell.swift in Sources */,
				DBDEB6F12CF1894900FD1826 /* ViewController.swift in Sources */,
				DBDEB6ED2CF1894900FD1826 /* AppDelegate.swift in Sources */,
				DBDEB71F2CF18A6C00FD1826 /* MealData.swift in Sources */,
				DBDEB7232CF18EE900FD1826 /* addMealTrackerTableViewController.swift in Sources */,
				DBDEB6EF2CF1894900FD1826 /* SceneDelegate.swift in Sources */,
				DBDEB7212CF18EC000FD1826 /* mealTrackerTableViewController.swift in Sources */,
			);
			runOnlyForDeploymentPostprocessing = 0;
		};
		DBDEB6FB2CF1894B00FD1826 /* Sources */ = {
			isa = PBXSourcesBuildPhase;
			buildActionMask = 2147483647;
			files = (
				DBDEB7042CF1894B00FD1826 /* _210991246_Test2Tests.swift in Sources */,
			);
			runOnlyForDeploymentPostprocessing = 0;
		};
		DBDEB7052CF1894B00FD1826 /* Sources */ = {
			isa = PBXSourcesBuildPhase;
			buildActionMask = 2147483647;
			files = (
				DBDEB7102CF1894B00FD1826 /* _210991246_Test2UITestsLaunchTests.swift in Sources */,
				DBDEB70E2CF1894B00FD1826 /* _210991246_Test2UITests.swift in Sources */,
			);
			runOnlyForDeploymentPostprocessing = 0;
		};
/* End PBXSourcesBuildPhase section */

/* Begin PBXTargetDependency section */
		DBDEB7012CF1894B00FD1826 /* PBXTargetDependency */ = {
			isa = PBXTargetDependency;
			target = DBDEB6E82CF1894900FD1826 /* 2210991246_Test2 */;
			targetProxy = DBDEB7002CF1894B00FD1826 /* PBXContainerItemProxy */;
		};
		DBDEB70B2CF1894B00FD1826 /* PBXTargetDependency */ = {
			isa = PBXTargetDependency;
			target = DBDEB6E82CF1894900FD1826 /* 2210991246_Test2 */;
			targetProxy = DBDEB70A2CF1894B00FD1826 /* PBXContainerItemProxy */;
		};
/* End PBXTargetDependency section */

/* Begin PBXVariantGroup section */
		DBDEB6F22CF1894900FD1826 /* Main.storyboard */ = {
			isa = PBXVariantGroup;
			children = (
				DBDEB6F32CF1894900FD1826 /* Base */,
			);
			name = Main.storyboard;
			sourceTree = "<group>";
		};
		DBDEB6F72CF1894A00FD1826 /* LaunchScreen.storyboard */ = {
			isa = PBXVariantGroup;
			children = (
				DBDEB6F82CF1894A00FD1826 /* Base */,
			);
			name = LaunchScreen.storyboard;
			sourceTree = "<group>";
		};
/* End PBXVariantGroup section */

/* Begin XCBuildConfiguration section */
		DBDEB7112CF1894B00FD1826 /* Debug */ = {
			isa = XCBuildConfiguration;
			buildSettings = {
				ALWAYS_SEARCH_USER_PATHS = NO;
				ASSETCATALOG_COMPILER_GENERATE_SWIFT_ASSET_SYMBOL_EXTENSIONS = YES;
				CLANG_ANALYZER_NONNULL = YES;
				CLANG_ANALYZER_NUMBER_OBJECT_CONVERSION = YES_AGGRESSIVE;
				CLANG_CXX_LANGUAGE_STANDARD = "gnu++20";
				CLANG_ENABLE_MODULES = YES;
				CLANG_ENABLE_OBJC_ARC = YES;
				CLANG_ENABLE_OBJC_WEAK = YES;
				CLANG_WARN_BLOCK_CAPTURE_AUTORELEASING = YES;
				CLANG_WARN_BOOL_CONVERSION = YES;
				CLANG_WARN_COMMA = YES;
				CLANG_WARN_CONSTANT_CONVERSION = YES;
				CLANG_WARN_DEPRECATED_OBJC_IMPLEMENTATIONS = YES;
				CLANG_WARN_DIRECT_OBJC_ISA_USAGE = YES_ERROR;
				CLANG_WARN_DOCUMENTATION_COMMENTS = YES;
				CLANG_WARN_EMPTY_BODY = YES;
				CLANG_WARN_ENUM_CONVERSION = YES;
				CLANG_WARN_INFINITE_RECURSION = YES;
				CLANG_WARN_INT_CONVERSION = YES;
				CLANG_WARN_NON_LITERAL_NULL_CONVERSION = YES;
				CLANG_WARN_OBJC_IMPLICIT_RETAIN_SELF = YES;
				CLANG_WARN_OBJC_LITERAL_CONVERSION = YES;
				CLANG_WARN_OBJC_ROOT_CLASS = YES_ERROR;
				CLANG_WARN_QUOTED_INCLUDE_IN_FRAMEWORK_HEADER = YES;
				CLANG_WARN_RANGE_LOOP_ANALYSIS = YES;
				CLANG_WARN_STRICT_PROTOTYPES = YES;
				CLANG_WARN_SUSPICIOUS_MOVE = YES;
				CLANG_WARN_UNGUARDED_AVAILABILITY = YES_AGGRESSIVE;
				CLANG_WARN_UNREACHABLE_CODE = YES;
				CLANG_WARN__DUPLICATE_METHOD_MATCH = YES;
				COPY_PHASE_STRIP = NO;
				DEBUG_INFORMATION_FORMAT = dwarf;
				ENABLE_STRICT_OBJC_MSGSEND = YES;
				ENABLE_TESTABILITY = YES;
				ENABLE_USER_SCRIPT_SANDBOXING = YES;
				GCC_C_LANGUAGE_STANDARD = gnu17;
				GCC_DYNAMIC_NO_PIC = NO;
				GCC_NO_COMMON_BLOCKS = YES;
				GCC_OPTIMIZATION_LEVEL = 0;
				GCC_PREPROCESSOR_DEFINITIONS = (
					"DEBUG=1",
					"$(inherited)",
				);
				GCC_WARN_64_TO_32_BIT_CONVERSION = YES;
				GCC_WARN_ABOUT_RETURN_TYPE = YES_ERROR;
				GCC_WARN_UNDECLARED_SELECTOR = YES;
				GCC_WARN_UNINITIALIZED_AUTOS = YES_AGGRESSIVE;
				GCC_WARN_UNUSED_FUNCTION = YES;
				GCC_WARN_UNUSED_VARIABLE = YES;
				IPHONEOS_DEPLOYMENT_TARGET = 17.5;
				LOCALIZATION_PREFERS_STRING_CATALOGS = YES;
				MTL_ENABLE_DEBUG_INFO = INCLUDE_SOURCE;
				MTL_FAST_MATH = YES;
				ONLY_ACTIVE_ARCH = YES;
				SDKROOT = iphoneos;
				SWIFT_ACTIVE_COMPILATION_CONDITIONS = "DEBUG $(inherited)";
				SWIFT_OPTIMIZATION_LEVEL = "-Onone";
			};
			name = Debug;
		};
		DBDEB7122CF1894B00FD1826 /* Release */ = {
			isa = XCBuildConfiguration;
			buildSettings = {
				ALWAYS_SEARCH_USER_PATHS = NO;
				ASSETCATALOG_COMPILER_GENERATE_SWIFT_ASSET_SYMBOL_EXTENSIONS = YES;
				CLANG_ANALYZER_NONNULL = YES;
				CLANG_ANALYZER_NUMBER_OBJECT_CONVERSION = YES_AGGRESSIVE;
				CLANG_CXX_LANGUAGE_STANDARD = "gnu++20";
				CLANG_ENABLE_MODULES = YES;
				CLANG_ENABLE_OBJC_ARC = YES;
				CLANG_ENABLE_OBJC_WEAK = YES;
				CLANG_WARN_BLOCK_CAPTURE_AUTORELEASING = YES;
				CLANG_WARN_BOOL_CONVERSION = YES;
				CLANG_WARN_COMMA = YES;
				CLANG_WARN_CONSTANT_CONVERSION = YES;
				CLANG_WARN_DEPRECATED_OBJC_IMPLEMENTATIONS = YES;
				CLANG_WARN_DIRECT_OBJC_ISA_USAGE = YES_ERROR;
				CLANG_WARN_DOCUMENTATION_COMMENTS = YES;
				CLANG_WARN_EMPTY_BODY = YES;
				CLANG_WARN_ENUM_CONVERSION = YES;
				CLANG_WARN_INFINITE_RECURSION = YES;
				CLANG_WARN_INT_CONVERSION = YES;
				CLANG_WARN_NON_LITERAL_NULL_CONVERSION = YES;
				CLANG_WARN_OBJC_IMPLICIT_RETAIN_SELF = YES;
				CLANG_WARN_OBJC_LITERAL_CONVERSION = YES;
				CLANG_WARN_OBJC_ROOT_CLASS = YES_ERROR;
				CLANG_WARN_QUOTED_INCLUDE_IN_FRAMEWORK_HEADER = YES;
				CLANG_WARN_RANGE_LOOP_ANALYSIS = YES;
				CLANG_WARN_STRICT_PROTOTYPES = YES;
				CLANG_WARN_SUSPICIOUS_MOVE = YES;
				CLANG_WARN_UNGUARDED_AVAILABILITY = YES_AGGRESSIVE;
				CLANG_WARN_UNREACHABLE_CODE = YES;
				CLANG_WARN__DUPLICATE_METHOD_MATCH = YES;
				COPY_PHASE_STRIP = NO;
				DEBUG_INFORMATION_FORMAT = "dwarf-with-dsym";
				ENABLE_NS_ASSERTIONS = NO;
				ENABLE_STRICT_OBJC_MSGSEND = YES;
				ENABLE_USER_SCRIPT_SANDBOXING = YES;
				GCC_C_LANGUAGE_STANDARD = gnu17;
				GCC_NO_COMMON_BLOCKS = YES;
				GCC_WARN_64_TO_32_BIT_CONVERSION = YES;
				GCC_WARN_ABOUT_RETURN_TYPE = YES_ERROR;
				GCC_WARN_UNDECLARED_SELECTOR = YES;
				GCC_WARN_UNINITIALIZED_AUTOS = YES_AGGRESSIVE;
				GCC_WARN_UNUSED_FUNCTION = YES;
				GCC_WARN_UNUSED_VARIABLE = YES;
				IPHONEOS_DEPLOYMENT_TARGET = 17.5;
				LOCALIZATION_PREFERS_STRING_CATALOGS = YES;
				MTL_ENABLE_DEBUG_INFO = NO;
				MTL_FAST_MATH = YES;
				SDKROOT = iphoneos;
				SWIFT_COMPILATION_MODE = wholemodule;
				VALIDATE_PRODUCT = YES;
			};
			name = Release;
		};
		DBDEB7142CF1894B00FD1826 /* Debug */ = {
			isa = XCBuildConfiguration;
			buildSettings = {
				ASSETCATALOG_COMPILER_APPICON_NAME = AppIcon;
				ASSETCATALOG_COMPILER_GLOBAL_ACCENT_COLOR_NAME = AccentColor;
				CODE_SIGN_STYLE = Automatic;
				CURRENT_PROJECT_VERSION = 1;
				GENERATE_INFOPLIST_FILE = YES;
				INFOPLIST_FILE = 2210991246_Test2/Info.plist;
				INFOPLIST_KEY_UIApplicationSupportsIndirectInputEvents = YES;
				INFOPLIST_KEY_UILaunchStoryboardName = LaunchScreen;
				INFOPLIST_KEY_UIMainStoryboardFile = Main;
				INFOPLIST_KEY_UISupportedInterfaceOrientations_iPad = "UIInterfaceOrientationPortrait UIInterfaceOrientationPortraitUpsideDown UIInterfaceOrientationLandscapeLeft UIInterfaceOrientationLandscapeRight";
				INFOPLIST_KEY_UISupportedInterfaceOrientations_iPhone = "UIInterfaceOrientationPortrait UIInterfaceOrientationLandscapeLeft UIInterfaceOrientationLandscapeRight";
				LD_RUNPATH_SEARCH_PATHS = (
					"$(inherited)",
					"@executable_path/Frameworks",
				);
				MARKETING_VERSION = 1.0;
				PRODUCT_BUNDLE_IDENTIFIER = "Student.-210991246-Test2";
				PRODUCT_NAME = "$(TARGET_NAME)";
				SWIFT_EMIT_LOC_STRINGS = YES;
				SWIFT_VERSION = 5.0;
				TARGETED_DEVICE_FAMILY = "1,2";
			};
			name = Debug;
		};
		DBDEB7152CF1894B00FD1826 /* Release */ = {
			isa = XCBuildConfiguration;
			buildSettings = {
				ASSETCATALOG_COMPILER_APPICON_NAME = AppIcon;
				ASSETCATALOG_COMPILER_GLOBAL_ACCENT_COLOR_NAME = AccentColor;
				CODE_SIGN_STYLE = Automatic;
				CURRENT_PROJECT_VERSION = 1;
				GENERATE_INFOPLIST_FILE = YES;
				INFOPLIST_FILE = 2210991246_Test2/Info.plist;
				INFOPLIST_KEY_UIApplicationSupportsIndirectInputEvents = YES;
				INFOPLIST_KEY_UILaunchStoryboardName = LaunchScreen;
				INFOPLIST_KEY_UIMainStoryboardFile = Main;
				INFOPLIST_KEY_UISupportedInterfaceOrientations_iPad = "UIInterfaceOrientationPortrait UIInterfaceOrientationPortraitUpsideDown UIInterfaceOrientationLandscapeLeft UIInterfaceOrientationLandscapeRight";
				INFOPLIST_KEY_UISupportedInterfaceOrientations_iPhone = "UIInterfaceOrientationPortrait UIInterfaceOrientationLandscapeLeft UIInterfaceOrientationLandscapeRight";
				LD_RUNPATH_SEARCH_PATHS = (
					"$(inherited)",
					"@executable_path/Frameworks",
				);
				MARKETING_VERSION = 1.0;
				PRODUCT_BUNDLE_IDENTIFIER = "Student.-210991246-Test2";
				PRODUCT_NAME = "$(TARGET_NAME)";
				SWIFT_EMIT_LOC_STRINGS = YES;
				SWIFT_VERSION = 5.0;
				TARGETED_DEVICE_FAMILY = "1,2";
			};
			name = Release;
		};
		DBDEB7172CF1894B00FD1826 /* Debug */ = {
			isa = XCBuildConfiguration;
			buildSettings = {
				ALWAYS_EMBED_SWIFT_STANDARD_LIBRARIES = YES;
				BUNDLE_LOADER = "$(TEST_HOST)";
				CODE_SIGN_STYLE = Automatic;
				CURRENT_PROJECT_VERSION = 1;
				GENERATE_INFOPLIST_FILE = YES;
				IPHONEOS_DEPLOYMENT_TARGET = 17.5;
				MARKETING_VERSION = 1.0;
				PRODUCT_BUNDLE_IDENTIFIER = "Student.-210991246-Test2Tests";
				PRODUCT_NAME = "$(TARGET_NAME)";
				SWIFT_EMIT_LOC_STRINGS = NO;
				SWIFT_VERSION = 5.0;
				TARGETED_DEVICE_FAMILY = "1,2";
				TEST_HOST = "$(BUILT_PRODUCTS_DIR)/2210991246_Test2.app/$(BUNDLE_EXECUTABLE_FOLDER_PATH)/2210991246_Test2";
			};
			name = Debug;
		};
		DBDEB7182CF1894B00FD1826 /* Release */ = {
			isa = XCBuildConfiguration;
			buildSettings = {
				ALWAYS_EMBED_SWIFT_STANDARD_LIBRARIES = YES;
				BUNDLE_LOADER = "$(TEST_HOST)";
				CODE_SIGN_STYLE = Automatic;
				CURRENT_PROJECT_VERSION = 1;
				GENERATE_INFOPLIST_FILE = YES;
				IPHONEOS_DEPLOYMENT_TARGET = 17.5;
				MARKETING_VERSION = 1.0;
				PRODUCT_BUNDLE_IDENTIFIER = "Student.-210991246-Test2Tests";
				PRODUCT_NAME = "$(TARGET_NAME)";
				SWIFT_EMIT_LOC_STRINGS = NO;
				SWIFT_VERSION = 5.0;
				TARGETED_DEVICE_FAMILY = "1,2";
				TEST_HOST = "$(BUILT_PRODUCTS_DIR)/2210991246_Test2.app/$(BUNDLE_EXECUTABLE_FOLDER_PATH)/2210991246_Test2";
			};
			name = Release;
		};
		DBDEB71A2CF1894B00FD1826 /* Debug */ = {
			isa = XCBuildConfiguration;
			buildSettings = {
				ALWAYS_EMBED_SWIFT_STANDARD_LIBRARIES = YES;
				CODE_SIGN_STYLE = Automatic;
				CURRENT_PROJECT_VERSION = 1;
				GENERATE_INFOPLIST_FILE = YES;
				MARKETING_VERSION = 1.0;
				PRODUCT_BUNDLE_IDENTIFIER = "Student.-210991246-Test2UITests";
				PRODUCT_NAME = "$(TARGET_NAME)";
				SWIFT_EMIT_LOC_STRINGS = NO;
				SWIFT_VERSION = 5.0;
				TARGETED_DEVICE_FAMILY = "1,2";
				TEST_TARGET_NAME = 2210991246_Test2;
			};
			name = Debug;
		};
		DBDEB71B2CF1894B00FD1826 /* Release */ = {
			isa = XCBuildConfiguration;
			buildSettings = {
				ALWAYS_EMBED_SWIFT_STANDARD_LIBRARIES = YES;
				CODE_SIGN_STYLE = Automatic;
				CURRENT_PROJECT_VERSION = 1;
				GENERATE_INFOPLIST_FILE = YES;
				MARKETING_VERSION = 1.0;
				PRODUCT_BUNDLE_IDENTIFIER = "Student.-210991246-Test2UITests";
				PRODUCT_NAME = "$(TARGET_NAME)";
				SWIFT_EMIT_LOC_STRINGS = NO;
				SWIFT_VERSION = 5.0;
				TARGETED_DEVICE_FAMILY = "1,2";
				TEST_TARGET_NAME = 2210991246_Test2;
			};
			name = Release;
		};
/* End XCBuildConfiguration section */

/* Begin XCConfigurationList section */
		DBDEB6E42CF1894900FD1826 /* Build configuration list for PBXProject "2210991246_Test2" */ = {
			isa = XCConfigurationList;
			buildConfigurations = (
				DBDEB7112CF1894B00FD1826 /* Debug */,
				DBDEB7122CF1894B00FD1826 /* Release */,
			);
			defaultConfigurationIsVisible = 0;
			defaultConfigurationName = Release;
		};
		DBDEB7132CF1894B00FD1826 /* Build configuration list for PBXNativeTarget "2210991246_Test2" */ = {
			isa = XCConfigurationList;
			buildConfigurations = (
				DBDEB7142CF1894B00FD1826 /* Debug */,
				DBDEB7152CF1894B00FD1826 /* Release */,
			);
			defaultConfigurationIsVisible = 0;
			defaultConfigurationName = Release;
		};
		DBDEB7162CF1894B00FD1826 /* Build configuration list for PBXNativeTarget "2210991246_Test2Tests" */ = {
			isa = XCConfigurationList;
			buildConfigurations = (
				DBDEB7172CF1894B00FD1826 /* Debug */,
				DBDEB7182CF1894B00FD1826 /* Release */,
			);
			defaultConfigurationIsVisible = 0;
			defaultConfigurationName = Release;
		};
		DBDEB7192CF1894B00FD1826 /* Build configuration list for PBXNativeTarget "2210991246_Test2UITests" */ = {
			isa = XCConfigurationList;
			buildConfigurations = (
				DBDEB71A2CF1894B00FD1826 /* Debug */,
				DBDEB71B2CF1894B00FD1826 /* Release */,
			);
			defaultConfigurationIsVisible = 0;
			defaultConfigurationName = Release;
		};
/* End XCConfigurationList section */
	};
	rootObject = DBDEB6E12CF1894900FD1826 /* Project object */;
}
